
Microsoft Visual Studio Solution File, Format Version 12.00
Project("{FAE04EC0-301F-11D3-BF4B-00C04F79EFBC}") = "Pract14", "Pract14\Pract14.csproj", "{361EA9C6-5A88-406F-851F-FF1DE2E7A48B}"
EndProject
Global
	GlobalSection(SolutionConfigurationPlatforms) = preSolution
		Debug|Any CPU = Debug|Any CPU
		Release|Any CPU = Release|Any CPU
	EndGlobalSection
	GlobalSection(ProjectConfigurationPlatforms) = postSolution
		{361EA9C6-5A88-406F-851F-FF1DE2E7A48B}.Debug|Any CPU.ActiveCfg = Debug|Any CPU
		{361EA9C6-5A88-406F-851F-FF1DE2E7A48B}.Debug|Any CPU.Build.0 = Debug|Any CPU
		{361EA9C6-5A88-406F-851F-FF1DE2E7A48B}.Release|Any CPU.ActiveCfg = Release|Any CPU
		{361EA9C6-5A88-406F-851F-FF1DE2E7A48B}.Release|Any CPU.Build.0 = Release|Any CPU
	EndGlobalSection
EndGlobal
